
Microsoft Visual Studio Solution File, Format Version 12.00
# Visual Studio Version 17
VisualStudioVersion = 17.3.32901.215
MinimumVisualStudioVersion = 10.0.40219.1
Project("{FAE04EC0-301F-11D3-BF4B-00C04F79EFBC}") = "Cities.API", "Cities.API\Cities.API.csproj", "{329D3B9A-FD2C-4B2D-AB9A-E4B7C8B5FC8A}"
EndProject
Project("{FAE04EC0-301F-11D3-BF4B-00C04F79EFBC}") = "Cities.Core", "Cities.Core\Cities.Core.csproj", "{24A25A67-C88F-4028-B8C1-031EF9C46A08}"
EndProject
Project("{FAE04EC0-301F-11D3-BF4B-00C04F79EFBC}") = "Cities.DATA", "Cities.DATA\Cities.DATA.csproj", "{64532487-D00A-4979-BF0D-146ED8CD87A6}"
EndProject
Project("{FAE04EC0-301F-11D3-BF4B-00C04F79EFBC}") = "Cities.Service", "Cities.Service\Cities.Service.csproj", "{15F61821-F85D-4F16-BF01-F02514AA8CF8}"
EndProject
Global
	GlobalSection(SolutionConfigurationPlatforms) = preSolution
		Debug|Any CPU = Debug|Any CPU
		Release|Any CPU = Release|Any CPU
	EndGlobalSection
	GlobalSection(ProjectConfigurationPlatforms) = postSolution
		{329D3B9A-FD2C-4B2D-AB9A-E4B7C8B5FC8A}.Debug|Any CPU.ActiveCfg = Debug|Any CPU
		{329D3B9A-FD2C-4B2D-AB9A-E4B7C8B5FC8A}.Debug|Any CPU.Build.0 = Debug|Any CPU
		{329D3B9A-FD2C-4B2D-AB9A-E4B7C8B5FC8A}.Release|Any CPU.ActiveCfg = Release|Any CPU
		{329D3B9A-FD2C-4B2D-AB9A-E4B7C8B5FC8A}.Release|Any CPU.Build.0 = Release|Any CPU
		{24A25A67-C88F-4028-B8C1-031EF9C46A08}.Debug|Any CPU.ActiveCfg = Debug|Any CPU
		{24A25A67-C88F-4028-B8C1-031EF9C46A08}.Debug|Any CPU.Build.0 = Debug|Any CPU
		{24A25A67-C88F-4028-B8C1-031EF9C46A08}.Release|Any CPU.ActiveCfg = Release|Any CPU
		{24A25A67-C88F-4028-B8C1-031EF9C46A08}.Release|Any CPU.Build.0 = Release|Any CPU
		{64532487-D00A-4979-BF0D-146ED8CD87A6}.Debug|Any CPU.ActiveCfg = Debug|Any CPU
		{64532487-D00A-4979-BF0D-146ED8CD87A6}.Debug|Any CPU.Build.0 = Debug|Any CPU
		{64532487-D00A-4979-BF0D-146ED8CD87A6}.Release|Any CPU.ActiveCfg = Release|Any CPU
		{64532487-D00A-4979-BF0D-146ED8CD87A6}.Release|Any CPU.Build.0 = Release|Any CPU
		{15F61821-F85D-4F16-BF01-F02514AA8CF8}.Debug|Any CPU.ActiveCfg = Debug|Any CPU
		{15F61821-F85D-4F16-BF01-F02514AA8CF8}.Debug|Any CPU.Build.0 = Debug|Any CPU
		{15F61821-F85D-4F16-BF01-F02514AA8CF8}.Release|Any CPU.ActiveCfg = Release|Any CPU
		{15F61821-F85D-4F16-BF01-F02514AA8CF8}.Release|Any CPU.Build.0 = Release|Any CPU
	EndGlobalSection
	GlobalSection(SolutionProperties) = preSolution
		HideSolutionNode = FALSE
	EndGlobalSection
	GlobalSection(ExtensibilityGlobals) = postSolution
		SolutionGuid = {C4F55F7D-E6F3-4AED-8C68-47D7E5133CE9}
	EndGlobalSection
EndGlobal
